<?xml version="1.0" encoding="utf-8"?>
<Project ToolsVersion="4.0" xmlns="http://schemas.microsoft.com/developer/msbuild/2003">
  <ItemGroup>
    <Filter Include="Source Files">
      <UniqueIdentifier>{4FC737F1-C7A5-4376-A066-2A32D752A2FF}</UniqueIdentifier>
      <Extensions>cpp;c;cc;cxx;def;odl;idl;hpj;bat;asm;asmx</Extensions>
    </Filter>
    <Filter Include="Header Files">
      <UniqueIdentifier>{93995380-89BD-4b04-88EB-625FBE52EBFB}</UniqueIdentifier>
      <Extensions>h;hh;hpp;hxx;hm;inl;inc;ipp;xsd</Extensions>
    </Filter>
    <Filter Include="Resource Files">
      <UniqueIdentifier>{67DA6AB6-F800-4c08-8B7A-83BB121AAD01}</UniqueIdentifier>
      <Extensions>rc;ico;cur;bmp;dlg;rc2;rct;bin;rgs;gif;jpg;jpeg;jpe;resx;tiff;tif;png;wav;mfcribbon-ms</Extensions>
    </Filter>
  </ItemGroup>
  <ItemGroup>
    <None Include="packages.config" />
    <None Include="..\..\..\..\Downloads\CS165 moonLander\CS165 moonLander\makefile" />
  </ItemGroup>
  <ItemGroup>
    <ClCompile Include="moonLander Project\driver.cpp">
      <Filter>Source Files</Filter>
    </ClCompile>
    <ClCompile Include="moonLander Project\game.cpp">
      <Filter>Source Files</Filter>
    </ClCompile>
    <ClCompile Include="moonLander Project\ground.cpp">
      <Filter>Source Files</Filter>
    </ClCompile>
    <ClCompile Include="moonLander Project\lander.cpp">
      <Filter>Source Files</Filter>
    </ClCompile>
    <ClCompile Include="moonLander Project\point.cpp">
      <Filter>Source Files</Filter>
    </ClCompile>
    <ClCompile Include="moonLander Project\uiDraw.cpp">
      <Filter>Source Files</Filter>
    </ClCompile>
    <ClCompile Include="moonLander Project\uiInteract.cpp">
      <Filter>Source Files</Filter>
    </ClCompile>
    <ClCompile Include="moonLander Project\velocity.cpp">
      <Filter>Source Files</Filter>
    </ClCompile>
  </ItemGroup>
  <ItemGroup>
    <ClInclude Include="moonLander Project\game.h">
      <Filter>Header Files</Filter>
    </ClInclude>
    <ClInclude Include="moonLander Project\ground.h">
      <Filter>Header Files</Filter>
    </ClInclude>
    <ClInclude Include="moonLander Project\lander.h">
      <Filter>Header Files</Filter>
    </ClInclude>
    <ClInclude Include="moonLander Project\point.h">
      <Filter>Header Files</Filter>
    </ClInclude>
    <ClInclude Include="moonLander Project\uiDraw.h">
      <Filter>Header Files</Filter>
    </ClInclude>
    <ClInclude Include="moonLander Project\uiInteract.h">
      <Filter>Header Files</Filter>
    </ClInclude>
    <ClInclude Include="moonLander Project\velocity.h">
      <Filter>Header Files</Filter>
    </ClInclude>
  </ItemGroup>
</Project>